
Microsoft Visual Studio Solution File, Format Version 12.00
# Visual Studio 15
VisualStudioVersion = 15.0.28010.2041
MinimumVisualStudioVersion = 10.0.40219.1
Project("{FAE04EC0-301F-11D3-BF4B-00C04F79EFBC}") = "ScreenshotSender", "ScreenshotSender\ScreenshotSender.csproj", "{7494B630-923A-45B1-B87B-D0686B3AFE36}"
EndProject
Global
	GlobalSection(SolutionConfigurationPlatforms) = preSolution
		Debug|Any CPU = Debug|Any CPU
		Release|Any CPU = Release|Any CPU
	EndGlobalSection
	GlobalSection(ProjectConfigurationPlatforms) = postSolution
		{7494B630-923A-45B1-B87B-D0686B3AFE36}.Debug|Any CPU.ActiveCfg = Debug|Any CPU
		{7494B630-923A-45B1-B87B-D0686B3AFE36}.Debug|Any CPU.Build.0 = Debug|Any CPU
		{7494B630-923A-45B1-B87B-D0686B3AFE36}.Release|Any CPU.ActiveCfg = Release|Any CPU
		{7494B630-923A-45B1-B87B-D0686B3AFE36}.Release|Any CPU.Build.0 = Release|Any CPU
	EndGlobalSection
	GlobalSection(SolutionProperties) = preSolution
		HideSolutionNode = FALSE
	EndGlobalSection
	GlobalSection(ExtensibilityGlobals) = postSolution
		SolutionGuid = {900A5311-3CAD-48B9-A819-39401BA66E16}
	EndGlobalSection
EndGlobal
